
Microsoft Visual Studio Solution File, Format Version 12.00
# Visual Studio Version 17
VisualStudioVersion = 17.11.35222.181
MinimumVisualStudioVersion = 10.0.40219.1
Project("{FAE04EC0-301F-11D3-BF4B-00C04F79EFBC}") = "MAUICalculator", "MAUICalculator\MAUICalculator.csproj", "{D593E5BB-740E-4F64-AFCA-1758C5910E04}"
EndProject
Global
	GlobalSection(SolutionConfigurationPlatforms) = preSolution
		Debug|Any CPU = Debug|Any CPU
		Release|Any CPU = Release|Any CPU
	EndGlobalSection
	GlobalSection(ProjectConfigurationPlatforms) = postSolution
		{D593E5BB-740E-4F64-AFCA-1758C5910E04}.Debug|Any CPU.ActiveCfg = Debug|Any CPU
		{D593E5BB-740E-4F64-AFCA-1758C5910E04}.Debug|Any CPU.Build.0 = Debug|Any CPU
		{D593E5BB-740E-4F64-AFCA-1758C5910E04}.Debug|Any CPU.Deploy.0 = Debug|Any CPU
		{D593E5BB-740E-4F64-AFCA-1758C5910E04}.Release|Any CPU.ActiveCfg = Release|Any CPU
		{D593E5BB-740E-4F64-AFCA-1758C5910E04}.Release|Any CPU.Build.0 = Release|Any CPU
		{D593E5BB-740E-4F64-AFCA-1758C5910E04}.Release|Any CPU.Deploy.0 = Release|Any CPU
	EndGlobalSection
	GlobalSection(SolutionProperties) = preSolution
		HideSolutionNode = FALSE
	EndGlobalSection
	GlobalSection(ExtensibilityGlobals) = postSolution
		SolutionGuid = {1F030E26-36CB-4880-A110-34EC879A2EA9}
	EndGlobalSection
EndGlobal
